{
    "_readme": [
        "This file locks the dependencies of your project to a known state",
        "Read more about it at http://getcomposer.org/doc/01-basic-usage.md#composer-lock-the-lock-file",
        "This file is @generated automatically"
    ],
    "hash": "e441fa612143344858f86af977c29f72",
    "packages": [
        {
            "name": "patlenain/gas-jquery",
            "version": "1.1.0",
            "target-dir": "Patlenain/GasJQueryBundle",
            "source": {
                "type": "git",
                "url": "https://github.com/patlenain/gas-jquery.git",
                "reference": "ac4c5e1722eeba026f781e103c310f96f46ba34b"
            },
            "dist": {
                "type": "zip",
                "url": "https://api.github.com/repos/patlenain/gas-jquery/zipball/ac4c5e1722eeba026f781e103c310f96f46ba34b",
                "reference": "ac4c5e1722eeba026f781e103c310f96f46ba34b",
                "shasum": ""
            },
            "require": {
                "php": ">=5.4"
            },
            "type": "symfony-bundle",
            "autoload": {
                "psr-0": {
                    "Patlenain\\GasJQueryBundle": ""
                }
            },
            "notification-url": "https://packagist.org/downloads/",
            "license": [
                "MIT",
                "GPL-3.0+"
            ],
            "authors": [
                {
                    "name": "Patrice Le Gurun",
                    "email": "patrice@legurun.org",
                    "role": "Developer"
                }
            ],
            "description": "Module JQuery pour GAS",
            "homepage": "https://github.com/patlenain/gas",
            "keywords": [
                "gas",
                "jquery"
            ],
            "time": "2014-06-28 01:20:25"
        }
    ],
    "packages-dev": [

    ],
    "aliases": [

    ],
    "minimum-stability": "stable",
    "stability-flags": [

    ],
    "platform": {
        "php": ">=5.4"
    },
    "platform-dev": [

    ]
}
